
Microsoft Visual Studio Solution File, Format Version 12.00
Project("{FAE04EC0-301F-11D3-BF4B-00C04F79EFBC}") = "WebApp", "WebApp\WebApp.csproj", "{8CF7087D-9904-46A6-BBFF-FF3F719AFE82}"
EndProject
Global
	GlobalSection(SolutionConfigurationPlatforms) = preSolution
		Debug|Any CPU = Debug|Any CPU
		Release|Any CPU = Release|Any CPU
	EndGlobalSection
	GlobalSection(ProjectConfigurationPlatforms) = postSolution
		{8CF7087D-9904-46A6-BBFF-FF3F719AFE82}.Debug|Any CPU.ActiveCfg = Debug|Any CPU
		{8CF7087D-9904-46A6-BBFF-FF3F719AFE82}.Debug|Any CPU.Build.0 = Debug|Any CPU
		{8CF7087D-9904-46A6-BBFF-FF3F719AFE82}.Release|Any CPU.ActiveCfg = Release|Any CPU
		{8CF7087D-9904-46A6-BBFF-FF3F719AFE82}.Release|Any CPU.Build.0 = Release|Any CPU
	EndGlobalSection
EndGlobal
